
Microsoft Visual Studio Solution File, Format Version 12.00
# Visual Studio Version 16
VisualStudioVersion = 16.0.29920.165
MinimumVisualStudioVersion = 10.0.40219.1
Project("{FAE04EC0-301F-11D3-BF4B-00C04F79EFBC}") = "MediaPlayer.DAL", "MediaPlayer.DAL\MediaPlayer.DAL.csproj", "{510BFAA0-DCE1-4E80-A279-FA8F335DD18F}"
EndProject
Project("{FAE04EC0-301F-11D3-BF4B-00C04F79EFBC}") = "MediaPlayer.BLL", "MediaPlayer.BLL\MediaPlayer.BLL.csproj", "{836CCD42-6CF8-4B31-A1BF-4C090F107232}"
EndProject
Project("{FAE04EC0-301F-11D3-BF4B-00C04F79EFBC}") = "MediaPlayer.WEBAPI", "MediaPlayer.WEBAPI\MediaPlayer.WEBAPI.csproj", "{378E7CB4-3997-4670-8056-B39AC5422164}"
EndProject
Global
	GlobalSection(SolutionConfigurationPlatforms) = preSolution
		Debug|Any CPU = Debug|Any CPU
		Release|Any CPU = Release|Any CPU
	EndGlobalSection
	GlobalSection(ProjectConfigurationPlatforms) = postSolution
		{510BFAA0-DCE1-4E80-A279-FA8F335DD18F}.Debug|Any CPU.ActiveCfg = Debug|Any CPU
		{510BFAA0-DCE1-4E80-A279-FA8F335DD18F}.Debug|Any CPU.Build.0 = Debug|Any CPU
		{510BFAA0-DCE1-4E80-A279-FA8F335DD18F}.Release|Any CPU.ActiveCfg = Release|Any CPU
		{510BFAA0-DCE1-4E80-A279-FA8F335DD18F}.Release|Any CPU.Build.0 = Release|Any CPU
		{836CCD42-6CF8-4B31-A1BF-4C090F107232}.Debug|Any CPU.ActiveCfg = Debug|Any CPU
		{836CCD42-6CF8-4B31-A1BF-4C090F107232}.Debug|Any CPU.Build.0 = Debug|Any CPU
		{836CCD42-6CF8-4B31-A1BF-4C090F107232}.Release|Any CPU.ActiveCfg = Release|Any CPU
		{836CCD42-6CF8-4B31-A1BF-4C090F107232}.Release|Any CPU.Build.0 = Release|Any CPU
		{378E7CB4-3997-4670-8056-B39AC5422164}.Debug|Any CPU.ActiveCfg = Debug|Any CPU
		{378E7CB4-3997-4670-8056-B39AC5422164}.Debug|Any CPU.Build.0 = Debug|Any CPU
		{378E7CB4-3997-4670-8056-B39AC5422164}.Release|Any CPU.ActiveCfg = Release|Any CPU
		{378E7CB4-3997-4670-8056-B39AC5422164}.Release|Any CPU.Build.0 = Release|Any CPU
	EndGlobalSection
	GlobalSection(SolutionProperties) = preSolution
		HideSolutionNode = FALSE
	EndGlobalSection
	GlobalSection(ExtensibilityGlobals) = postSolution
		SolutionGuid = {770D655E-5EF2-409B-AAEB-D60E01EA4F5F}
	EndGlobalSection
EndGlobal
