
Microsoft Visual Studio Solution File, Format Version 12.00
# Visual Studio Version 16
VisualStudioVersion = 16.0.29920.165
MinimumVisualStudioVersion = 10.0.40219.1
Project("{9A19103F-16F7-4668-BE54-9A1E7A4F7556}") = "MediaPlayer.DAL", "MediaPlayer.DAL\MediaPlayer.DAL.csproj", "{C25FD1BB-E1D7-485C-98EB-58E0368A8FA7}"
EndProject
Project("{FAE04EC0-301F-11D3-BF4B-00C04F79EFBC}") = "MediaPlayer.WEBAPI", "MediaPlayer.WEBAPI\MediaPlayer.WEBAPI.csproj", "{B24F26EB-ACD3-4D3A-B0F3-E843EF54F184}"
EndProject
Global
	GlobalSection(SolutionConfigurationPlatforms) = preSolution
		Debug|Any CPU = Debug|Any CPU
		Release|Any CPU = Release|Any CPU
	EndGlobalSection
	GlobalSection(ProjectConfigurationPlatforms) = postSolution
		{C25FD1BB-E1D7-485C-98EB-58E0368A8FA7}.Debug|Any CPU.ActiveCfg = Debug|Any CPU
		{C25FD1BB-E1D7-485C-98EB-58E0368A8FA7}.Debug|Any CPU.Build.0 = Debug|Any CPU
		{C25FD1BB-E1D7-485C-98EB-58E0368A8FA7}.Release|Any CPU.ActiveCfg = Release|Any CPU
		{C25FD1BB-E1D7-485C-98EB-58E0368A8FA7}.Release|Any CPU.Build.0 = Release|Any CPU
		{B24F26EB-ACD3-4D3A-B0F3-E843EF54F184}.Debug|Any CPU.ActiveCfg = Debug|Any CPU
		{B24F26EB-ACD3-4D3A-B0F3-E843EF54F184}.Debug|Any CPU.Build.0 = Debug|Any CPU
		{B24F26EB-ACD3-4D3A-B0F3-E843EF54F184}.Release|Any CPU.ActiveCfg = Release|Any CPU
		{B24F26EB-ACD3-4D3A-B0F3-E843EF54F184}.Release|Any CPU.Build.0 = Release|Any CPU
	EndGlobalSection
	GlobalSection(SolutionProperties) = preSolution
		HideSolutionNode = FALSE
	EndGlobalSection
	GlobalSection(ExtensibilityGlobals) = postSolution
		SolutionGuid = {A1BE7051-AD2E-475E-8268-6FCDE8FBBF61}
	EndGlobalSection
EndGlobal
